
Microsoft Visual Studio Solution File, Format Version 12.00
# Visual Studio Version 17
VisualStudioVersion = 17.5.33414.496
MinimumVisualStudioVersion = 10.0.40219.1
Project("{FAE04EC0-301F-11D3-BF4B-00C04F79EFBC}") = "PsychoMedikAPI", "PsychoMedikAPI.csproj", "{B8C9785D-8D30-4BB8-BA50-1514C701C788}"
EndProject
Project("{FAE04EC0-301F-11D3-BF4B-00C04F79EFBC}") = "PsychoMedikApp.UWP", "..\PsychoMedikApp\PsychoMedikApp.UWP\PsychoMedikApp.UWP.csproj", "{10A245F2-F8FD-4FD4-A3E3-55560E4445E5}"
EndProject
Project("{FAE04EC0-301F-11D3-BF4B-00C04F79EFBC}") = "PsychoMedikApp.Android", "..\PsychoMedikApp\PsychoMedikApp.Android\PsychoMedikApp.Android.csproj", "{ADEDED00-57EA-486C-B159-287328423169}"
EndProject
Project("{FAE04EC0-301F-11D3-BF4B-00C04F79EFBC}") = "PsychoMedikApp.iOS", "..\PsychoMedikApp\PsychoMedikApp.iOS\PsychoMedikApp.iOS.csproj", "{8CF6B66D-082B-44EA-89B2-7B7AD4AB27AD}"
EndProject
Project("{FAE04EC0-301F-11D3-BF4B-00C04F79EFBC}") = "PsychoMedikApp", "..\PsychoMedikApp\PsychoMedikApp\PsychoMedikApp.csproj", "{885A5BCB-BAC0-41E3-9FC8-B1980DCFA4B1}"
EndProject
Global
	GlobalSection(SolutionConfigurationPlatforms) = preSolution
		Debug|Any CPU = Debug|Any CPU
		Debug|ARM = Debug|ARM
		Debug|iPhone = Debug|iPhone
		Debug|iPhoneSimulator = Debug|iPhoneSimulator
		Debug|x64 = Debug|x64
		Debug|x86 = Debug|x86
		Release|Any CPU = Release|Any CPU
		Release|ARM = Release|ARM
		Release|iPhone = Release|iPhone
		Release|iPhoneSimulator = Release|iPhoneSimulator
		Release|x64 = Release|x64
		Release|x86 = Release|x86
	EndGlobalSection
	GlobalSection(ProjectConfigurationPlatforms) = postSolution
		{B8C9785D-8D30-4BB8-BA50-1514C701C788}.Debug|Any CPU.ActiveCfg = Debug|Any CPU
		{B8C9785D-8D30-4BB8-BA50-1514C701C788}.Debug|Any CPU.Build.0 = Debug|Any CPU
		{B8C9785D-8D30-4BB8-BA50-1514C701C788}.Debug|ARM.ActiveCfg = Debug|Any CPU
		{B8C9785D-8D30-4BB8-BA50-1514C701C788}.Debug|ARM.Build.0 = Debug|Any CPU
		{B8C9785D-8D30-4BB8-BA50-1514C701C788}.Debug|iPhone.ActiveCfg = Debug|Any CPU
		{B8C9785D-8D30-4BB8-BA50-1514C701C788}.Debug|iPhone.Build.0 = Debug|Any CPU
		{B8C9785D-8D30-4BB8-BA50-1514C701C788}.Debug|iPhoneSimulator.ActiveCfg = Debug|Any CPU
		{B8C9785D-8D30-4BB8-BA50-1514C701C788}.Debug|iPhoneSimulator.Build.0 = Debug|Any CPU
		{B8C9785D-8D30-4BB8-BA50-1514C701C788}.Debug|x64.ActiveCfg = Debug|Any CPU
		{B8C9785D-8D30-4BB8-BA50-1514C701C788}.Debug|x64.Build.0 = Debug|Any CPU
		{B8C9785D-8D30-4BB8-BA50-1514C701C788}.Debug|x86.ActiveCfg = Debug|Any CPU
		{B8C9785D-8D30-4BB8-BA50-1514C701C788}.Debug|x86.Build.0 = Debug|Any CPU
		{B8C9785D-8D30-4BB8-BA50-1514C701C788}.Release|Any CPU.ActiveCfg = Release|Any CPU
		{B8C9785D-8D30-4BB8-BA50-1514C701C788}.Release|Any CPU.Build.0 = Release|Any CPU
		{B8C9785D-8D30-4BB8-BA50-1514C701C788}.Release|ARM.ActiveCfg = Release|Any CPU
		{B8C9785D-8D30-4BB8-BA50-1514C701C788}.Release|ARM.Build.0 = Release|Any CPU
		{B8C9785D-8D30-4BB8-BA50-1514C701C788}.Release|iPhone.ActiveCfg = Release|Any CPU
		{B8C9785D-8D30-4BB8-BA50-1514C701C788}.Release|iPhone.Build.0 = Release|Any CPU
		{B8C9785D-8D30-4BB8-BA50-1514C701C788}.Release|iPhoneSimulator.ActiveCfg = Release|Any CPU
		{B8C9785D-8D30-4BB8-BA50-1514C701C788}.Release|iPhoneSimulator.Build.0 = Release|Any CPU
		{B8C9785D-8D30-4BB8-BA50-1514C701C788}.Release|x64.ActiveCfg = Release|Any CPU
		{B8C9785D-8D30-4BB8-BA50-1514C701C788}.Release|x64.Build.0 = Release|Any CPU
		{B8C9785D-8D30-4BB8-BA50-1514C701C788}.Release|x86.ActiveCfg = Release|Any CPU
		{B8C9785D-8D30-4BB8-BA50-1514C701C788}.Release|x86.Build.0 = Release|Any CPU
		{10A245F2-F8FD-4FD4-A3E3-55560E4445E5}.Debug|Any CPU.ActiveCfg = Debug|x64
		{10A245F2-F8FD-4FD4-A3E3-55560E4445E5}.Debug|Any CPU.Build.0 = Debug|x64
		{10A245F2-F8FD-4FD4-A3E3-55560E4445E5}.Debug|Any CPU.Deploy.0 = Debug|x64
		{10A245F2-F8FD-4FD4-A3E3-55560E4445E5}.Debug|ARM.ActiveCfg = Debug|ARM
		{10A245F2-F8FD-4FD4-A3E3-55560E4445E5}.Debug|ARM.Build.0 = Debug|ARM
		{10A245F2-F8FD-4FD4-A3E3-55560E4445E5}.Debug|ARM.Deploy.0 = Debug|ARM
		{10A245F2-F8FD-4FD4-A3E3-55560E4445E5}.Debug|iPhone.ActiveCfg = Debug|x64
		{10A245F2-F8FD-4FD4-A3E3-55560E4445E5}.Debug|iPhone.Build.0 = Debug|x64
		{10A245F2-F8FD-4FD4-A3E3-55560E4445E5}.Debug|iPhone.Deploy.0 = Debug|x64
		{10A245F2-F8FD-4FD4-A3E3-55560E4445E5}.Debug|iPhoneSimulator.ActiveCfg = Debug|x64
		{10A245F2-F8FD-4FD4-A3E3-55560E4445E5}.Debug|iPhoneSimulator.Build.0 = Debug|x64
		{10A245F2-F8FD-4FD4-A3E3-55560E4445E5}.Debug|iPhoneSimulator.Deploy.0 = Debug|x64
		{10A245F2-F8FD-4FD4-A3E3-55560E4445E5}.Debug|x64.ActiveCfg = Debug|x64
		{10A245F2-F8FD-4FD4-A3E3-55560E4445E5}.Debug|x64.Build.0 = Debug|x64
		{10A245F2-F8FD-4FD4-A3E3-55560E4445E5}.Debug|x64.Deploy.0 = Debug|x64
		{10A245F2-F8FD-4FD4-A3E3-55560E4445E5}.Debug|x86.ActiveCfg = Debug|x86
		{10A245F2-F8FD-4FD4-A3E3-55560E4445E5}.Debug|x86.Build.0 = Debug|x86
		{10A245F2-F8FD-4FD4-A3E3-55560E4445E5}.Debug|x86.Deploy.0 = Debug|x86
		{10A245F2-F8FD-4FD4-A3E3-55560E4445E5}.Release|Any CPU.ActiveCfg = Release|x64
		{10A245F2-F8FD-4FD4-A3E3-55560E4445E5}.Release|Any CPU.Build.0 = Release|x64
		{10A245F2-F8FD-4FD4-A3E3-55560E4445E5}.Release|Any CPU.Deploy.0 = Release|x64
		{10A245F2-F8FD-4FD4-A3E3-55560E4445E5}.Release|ARM.ActiveCfg = Release|ARM
		{10A245F2-F8FD-4FD4-A3E3-55560E4445E5}.Release|ARM.Build.0 = Release|ARM
		{10A245F2-F8FD-4FD4-A3E3-55560E4445E5}.Release|ARM.Deploy.0 = Release|ARM
		{10A245F2-F8FD-4FD4-A3E3-55560E4445E5}.Release|iPhone.ActiveCfg = Release|x64
		{10A245F2-F8FD-4FD4-A3E3-55560E4445E5}.Release|iPhone.Build.0 = Release|x64
		{10A245F2-F8FD-4FD4-A3E3-55560E4445E5}.Release|iPhone.Deploy.0 = Release|x64
		{10A245F2-F8FD-4FD4-A3E3-55560E4445E5}.Release|iPhoneSimulator.ActiveCfg = Release|x64
		{10A245F2-F8FD-4FD4-A3E3-55560E4445E5}.Release|iPhoneSimulator.Build.0 = Release|x64
		{10A245F2-F8FD-4FD4-A3E3-55560E4445E5}.Release|iPhoneSimulator.Deploy.0 = Release|x64
		{10A245F2-F8FD-4FD4-A3E3-55560E4445E5}.Release|x64.ActiveCfg = Release|x64
		{10A245F2-F8FD-4FD4-A3E3-55560E4445E5}.Release|x64.Build.0 = Release|x64
		{10A245F2-F8FD-4FD4-A3E3-55560E4445E5}.Release|x64.Deploy.0 = Release|x64
		{10A245F2-F8FD-4FD4-A3E3-55560E4445E5}.Release|x86.ActiveCfg = Release|x86
		{10A245F2-F8FD-4FD4-A3E3-55560E4445E5}.Release|x86.Build.0 = Release|x86
		{10A245F2-F8FD-4FD4-A3E3-55560E4445E5}.Release|x86.Deploy.0 = Release|x86
		{ADEDED00-57EA-486C-B159-287328423169}.Debug|Any CPU.ActiveCfg = Debug|Any CPU
		{ADEDED00-57EA-486C-B159-287328423169}.Debug|Any CPU.Build.0 = Debug|Any CPU
		{ADEDED00-57EA-486C-B159-287328423169}.Debug|Any CPU.Deploy.0 = Debug|Any CPU
		{ADEDED00-57EA-486C-B159-287328423169}.Debug|ARM.ActiveCfg = Debug|Any CPU
		{ADEDED00-57EA-486C-B159-287328423169}.Debug|ARM.Build.0 = Debug|Any CPU
		{ADEDED00-57EA-486C-B159-287328423169}.Debug|ARM.Deploy.0 = Debug|Any CPU
		{ADEDED00-57EA-486C-B159-287328423169}.Debug|iPhone.ActiveCfg = Debug|Any CPU
		{ADEDED00-57EA-486C-B159-287328423169}.Debug|iPhone.Build.0 = Debug|Any CPU
		{ADEDED00-57EA-486C-B159-287328423169}.Debug|iPhone.Deploy.0 = Debug|Any CPU
		{ADEDED00-57EA-486C-B159-287328423169}.Debug|iPhoneSimulator.ActiveCfg = Debug|Any CPU
		{ADEDED00-57EA-486C-B159-287328423169}.Debug|iPhoneSimulator.Build.0 = Debug|Any CPU
		{ADEDED00-57EA-486C-B159-287328423169}.Debug|iPhoneSimulator.Deploy.0 = Debug|Any CPU
		{ADEDED00-57EA-486C-B159-287328423169}.Debug|x64.ActiveCfg = Debug|Any CPU
		{ADEDED00-57EA-486C-B159-287328423169}.Debug|x64.Build.0 = Debug|Any CPU
		{ADEDED00-57EA-486C-B159-287328423169}.Debug|x64.Deploy.0 = Debug|Any CPU
		{ADEDED00-57EA-486C-B159-287328423169}.Debug|x86.ActiveCfg = Debug|Any CPU
		{ADEDED00-57EA-486C-B159-287328423169}.Debug|x86.Build.0 = Debug|Any CPU
		{ADEDED00-57EA-486C-B159-287328423169}.Debug|x86.Deploy.0 = Debug|Any CPU
		{ADEDED00-57EA-486C-B159-287328423169}.Release|Any CPU.ActiveCfg = Release|Any CPU
		{ADEDED00-57EA-486C-B159-287328423169}.Release|Any CPU.Build.0 = Release|Any CPU
		{ADEDED00-57EA-486C-B159-287328423169}.Release|Any CPU.Deploy.0 = Release|Any CPU
		{ADEDED00-57EA-486C-B159-287328423169}.Release|ARM.ActiveCfg = Release|Any CPU
		{ADEDED00-57EA-486C-B159-287328423169}.Release|ARM.Build.0 = Release|Any CPU
		{ADEDED00-57EA-486C-B159-287328423169}.Release|ARM.Deploy.0 = Release|Any CPU
		{ADEDED00-57EA-486C-B159-287328423169}.Release|iPhone.ActiveCfg = Release|Any CPU
		{ADEDED00-57EA-486C-B159-287328423169}.Release|iPhone.Build.0 = Release|Any CPU
		{ADEDED00-57EA-486C-B159-287328423169}.Release|iPhone.Deploy.0 = Release|Any CPU
		{ADEDED00-57EA-486C-B159-287328423169}.Release|iPhoneSimulator.ActiveCfg = Release|Any CPU
		{ADEDED00-57EA-486C-B159-287328423169}.Release|iPhoneSimulator.Build.0 = Release|Any CPU
		{ADEDED00-57EA-486C-B159-287328423169}.Release|iPhoneSimulator.Deploy.0 = Release|Any CPU
		{ADEDED00-57EA-486C-B159-287328423169}.Release|x64.ActiveCfg = Release|Any CPU
		{ADEDED00-57EA-486C-B159-287328423169}.Release|x64.Build.0 = Release|Any CPU
		{ADEDED00-57EA-486C-B159-287328423169}.Release|x64.Deploy.0 = Release|Any CPU
		{ADEDED00-57EA-486C-B159-287328423169}.Release|x86.ActiveCfg = Release|Any CPU
		{ADEDED00-57EA-486C-B159-287328423169}.Release|x86.Build.0 = Release|Any CPU
		{ADEDED00-57EA-486C-B159-287328423169}.Release|x86.Deploy.0 = Release|Any CPU
		{8CF6B66D-082B-44EA-89B2-7B7AD4AB27AD}.Debug|Any CPU.ActiveCfg = Debug|iPhoneSimulator
		{8CF6B66D-082B-44EA-89B2-7B7AD4AB27AD}.Debug|Any CPU.Build.0 = Debug|iPhoneSimulator
		{8CF6B66D-082B-44EA-89B2-7B7AD4AB27AD}.Debug|ARM.ActiveCfg = Debug|iPhoneSimulator
		{8CF6B66D-082B-44EA-89B2-7B7AD4AB27AD}.Debug|ARM.Build.0 = Debug|iPhoneSimulator
		{8CF6B66D-082B-44EA-89B2-7B7AD4AB27AD}.Debug|iPhone.ActiveCfg = Debug|iPhone
		{8CF6B66D-082B-44EA-89B2-7B7AD4AB27AD}.Debug|iPhone.Build.0 = Debug|iPhone
		{8CF6B66D-082B-44EA-89B2-7B7AD4AB27AD}.Debug|iPhoneSimulator.ActiveCfg = Debug|iPhoneSimulator
		{8CF6B66D-082B-44EA-89B2-7B7AD4AB27AD}.Debug|iPhoneSimulator.Build.0 = Debug|iPhoneSimulator
		{8CF6B66D-082B-44EA-89B2-7B7AD4AB27AD}.Debug|x64.ActiveCfg = Debug|iPhoneSimulator
		{8CF6B66D-082B-44EA-89B2-7B7AD4AB27AD}.Debug|x64.Build.0 = Debug|iPhoneSimulator
		{8CF6B66D-082B-44EA-89B2-7B7AD4AB27AD}.Debug|x86.ActiveCfg = Debug|iPhoneSimulator
		{8CF6B66D-082B-44EA-89B2-7B7AD4AB27AD}.Debug|x86.Build.0 = Debug|iPhoneSimulator
		{8CF6B66D-082B-44EA-89B2-7B7AD4AB27AD}.Release|Any CPU.ActiveCfg = Release|iPhoneSimulator
		{8CF6B66D-082B-44EA-89B2-7B7AD4AB27AD}.Release|Any CPU.Build.0 = Release|iPhoneSimulator
		{8CF6B66D-082B-44EA-89B2-7B7AD4AB27AD}.Release|ARM.ActiveCfg = Release|iPhoneSimulator
		{8CF6B66D-082B-44EA-89B2-7B7AD4AB27AD}.Release|ARM.Build.0 = Release|iPhoneSimulator
		{8CF6B66D-082B-44EA-89B2-7B7AD4AB27AD}.Release|iPhone.ActiveCfg = Release|iPhone
		{8CF6B66D-082B-44EA-89B2-7B7AD4AB27AD}.Release|iPhone.Build.0 = Release|iPhone
		{8CF6B66D-082B-44EA-89B2-7B7AD4AB27AD}.Release|iPhoneSimulator.ActiveCfg = Release|iPhoneSimulator
		{8CF6B66D-082B-44EA-89B2-7B7AD4AB27AD}.Release|iPhoneSimulator.Build.0 = Release|iPhoneSimulator
		{8CF6B66D-082B-44EA-89B2-7B7AD4AB27AD}.Release|x64.ActiveCfg = Release|iPhoneSimulator
		{8CF6B66D-082B-44EA-89B2-7B7AD4AB27AD}.Release|x64.Build.0 = Release|iPhoneSimulator
		{8CF6B66D-082B-44EA-89B2-7B7AD4AB27AD}.Release|x86.ActiveCfg = Release|iPhoneSimulator
		{8CF6B66D-082B-44EA-89B2-7B7AD4AB27AD}.Release|x86.Build.0 = Release|iPhoneSimulator
		{885A5BCB-BAC0-41E3-9FC8-B1980DCFA4B1}.Debug|Any CPU.ActiveCfg = Debug|Any CPU
		{885A5BCB-BAC0-41E3-9FC8-B1980DCFA4B1}.Debug|Any CPU.Build.0 = Debug|Any CPU
		{885A5BCB-BAC0-41E3-9FC8-B1980DCFA4B1}.Debug|ARM.ActiveCfg = Debug|Any CPU
		{885A5BCB-BAC0-41E3-9FC8-B1980DCFA4B1}.Debug|ARM.Build.0 = Debug|Any CPU
		{885A5BCB-BAC0-41E3-9FC8-B1980DCFA4B1}.Debug|iPhone.ActiveCfg = Debug|Any CPU
		{885A5BCB-BAC0-41E3-9FC8-B1980DCFA4B1}.Debug|iPhone.Build.0 = Debug|Any CPU
		{885A5BCB-BAC0-41E3-9FC8-B1980DCFA4B1}.Debug|iPhoneSimulator.ActiveCfg = Debug|Any CPU
		{885A5BCB-BAC0-41E3-9FC8-B1980DCFA4B1}.Debug|iPhoneSimulator.Build.0 = Debug|Any CPU
		{885A5BCB-BAC0-41E3-9FC8-B1980DCFA4B1}.Debug|x64.ActiveCfg = Debug|Any CPU
		{885A5BCB-BAC0-41E3-9FC8-B1980DCFA4B1}.Debug|x64.Build.0 = Debug|Any CPU
		{885A5BCB-BAC0-41E3-9FC8-B1980DCFA4B1}.Debug|x86.ActiveCfg = Debug|Any CPU
		{885A5BCB-BAC0-41E3-9FC8-B1980DCFA4B1}.Debug|x86.Build.0 = Debug|Any CPU
		{885A5BCB-BAC0-41E3-9FC8-B1980DCFA4B1}.Release|Any CPU.ActiveCfg = Release|Any CPU
		{885A5BCB-BAC0-41E3-9FC8-B1980DCFA4B1}.Release|Any CPU.Build.0 = Release|Any CPU
		{885A5BCB-BAC0-41E3-9FC8-B1980DCFA4B1}.Release|ARM.ActiveCfg = Release|Any CPU
		{885A5BCB-BAC0-41E3-9FC8-B1980DCFA4B1}.Release|ARM.Build.0 = Release|Any CPU
		{885A5BCB-BAC0-41E3-9FC8-B1980DCFA4B1}.Release|iPhone.ActiveCfg = Release|Any CPU
		{885A5BCB-BAC0-41E3-9FC8-B1980DCFA4B1}.Release|iPhone.Build.0 = Release|Any CPU
		{885A5BCB-BAC0-41E3-9FC8-B1980DCFA4B1}.Release|iPhoneSimulator.ActiveCfg = Release|Any CPU
		{885A5BCB-BAC0-41E3-9FC8-B1980DCFA4B1}.Release|iPhoneSimulator.Build.0 = Release|Any CPU
		{885A5BCB-BAC0-41E3-9FC8-B1980DCFA4B1}.Release|x64.ActiveCfg = Release|Any CPU
		{885A5BCB-BAC0-41E3-9FC8-B1980DCFA4B1}.Release|x64.Build.0 = Release|Any CPU
		{885A5BCB-BAC0-41E3-9FC8-B1980DCFA4B1}.Release|x86.ActiveCfg = Release|Any CPU
		{885A5BCB-BAC0-41E3-9FC8-B1980DCFA4B1}.Release|x86.Build.0 = Release|Any CPU
	EndGlobalSection
	GlobalSection(SolutionProperties) = preSolution
		HideSolutionNode = FALSE
	EndGlobalSection
	GlobalSection(ExtensibilityGlobals) = postSolution
		SolutionGuid = {BB6A4C61-9A46-4683-83B0-567CCE0252E4}
	EndGlobalSection
EndGlobal
